PATH
  remote: .
  specs:
    rspec_pretty_html_reporter (1.1.1)
      activesupport (~> 7.0)
      rouge (~> 3.28)
      rspec-core (~> 3.4)

GEM
  remote: https://rubygems.org/
  specs:
    activesupport (7.0.2.3)
      concurrent-ruby (~> 1.0, >= 1.0.2)
      i18n (>= 1.6, < 2)
      minitest (>= 5.1)
      tzinfo (~> 2.0)
    addressable (2.8.0)
      public_suffix (>= 2.0.2, < 5.0)
    byebug (11.1.3)
    capybara (3.36.0)
      addressable
      matrix
      mini_mime (>= 0.1.3)
      nokogiri (~> 1.8)
      rack (>= 1.6.0)
      rack-test (>= 0.6.3)
      regexp_parser (>= 1.5, < 3.0)
      xpath (~> 3.2)
    childprocess (4.1.0)
    concurrent-ruby (1.1.9)
    diff-lcs (1.5.0)
    gherkin (2.12.2)
      multi_json (~> 1.3)
    i18n (1.10.0)
      concurrent-ruby (~> 1.0)
    matrix (0.4.2)
    mini_mime (1.1.2)
    minitest (5.15.0)
    multi_json (1.15.0)
    nokogiri (1.13.3-x86_64-darwin)
      racc (~> 1.4)
    psych (4.0.3)
      stringio
    public_suffix (4.0.6)
    racc (1.6.0)
    rack (2.2.3)
    rack-test (1.1.0)
      rack (>= 1.0, < 3)
    rake (13.0.6)
    rdoc (6.4.0)
      psych (>= 4.0.0)
    regexp_parser (2.2.1)
    rexml (3.2.5)
    rouge (3.28.0)
    rspec (3.4.0)
      rspec-core (~> 3.4.0)
      rspec-expectations (~> 3.4.0)
      rspec-mocks (~> 3.4.0)
    rspec-core (3.4.4)
      rspec-support (~> 3.4.0)
    rspec-expectations (3.4.0)
      diff-lcs (>= 1.2.0, < 2.0)
      rspec-support (~> 3.4.0)
    rspec-mocks (3.4.1)
      diff-lcs (>= 1.2.0, < 2.0)
      rspec-support (~> 3.4.0)
    rspec-support (3.4.1)
    rubyzip (2.3.2)
    selenium-webdriver (4.1.0)
      childprocess (>= 0.5, < 5.0)
      rexml (~> 3.2, >= 3.2.5)
      rubyzip (>= 1.2.2)
    stringio (3.0.1)
    turnip (2.1.1)
      gherkin (~> 2.5)
      rspec (>= 3.0, < 4.0)
    tzinfo (2.0.4)
      concurrent-ruby (~> 1.0)
    webdrivers (5.0.0)
      nokogiri (~> 1.6)
      rubyzip (>= 1.3.0)
      selenium-webdriver (~> 4.0)
    xpath (3.2.0)
      nokogiri (~> 1.8)

PLATFORMS
  x86_64-darwin-21

DEPENDENCIES
  byebug (~> 11.1)
  capybara (~> 3.36)
  rack (~> 2.2.3)
  rake (~> 13.0)
  rdoc (~> 6.4)
  rspec (~> 3.4.0)
  rspec_pretty_html_reporter!
  turnip (~> 2.0, >= 2.0.2)
  webdrivers (~> 5.0)

BUNDLED WITH
   2.3.7
